
Microsoft Visual Studio Solution File, Format Version 12.00
# Visual Studio Version 17
VisualStudioVersion = 17.6.33723.286
MinimumVisualStudioVersion = 10.0.40219.1
Project("{FAE04EC0-301F-11D3-BF4B-00C04F79EFBC}") = "Hometask6", "Hometask6.csproj", "{848024A5-31C8-4AF1-AF0B-A22E53CC0DE5}"
EndProject
Global
	GlobalSection(SolutionConfigurationPlatforms) = preSolution
		Debug|Any CPU = Debug|Any CPU
		Release|Any CPU = Release|Any CPU
	EndGlobalSection
	GlobalSection(ProjectConfigurationPlatforms) = postSolution
		{848024A5-31C8-4AF1-AF0B-A22E53CC0DE5}.Debug|Any CPU.ActiveCfg = Debug|Any CPU
		{848024A5-31C8-4AF1-AF0B-A22E53CC0DE5}.Debug|Any CPU.Build.0 = Debug|Any CPU
		{848024A5-31C8-4AF1-AF0B-A22E53CC0DE5}.Release|Any CPU.ActiveCfg = Release|Any CPU
		{848024A5-31C8-4AF1-AF0B-A22E53CC0DE5}.Release|Any CPU.Build.0 = Release|Any CPU
	EndGlobalSection
	GlobalSection(SolutionProperties) = preSolution
		HideSolutionNode = FALSE
	EndGlobalSection
	GlobalSection(ExtensibilityGlobals) = postSolution
		SolutionGuid = {176E4C6A-1C6F-42D0-A76E-E58474F5E066}
	EndGlobalSection
EndGlobal
